Microsoft Visual Studio Solution File, Format Version 12.00
# Visual Studio 15
VisualStudioVersion = 15.0.26228.37
MinimumVisualStudioVersion = 10.0.40219.1
Project("{FAE04EC0-301F-11D3-BF4B-00C04F79EFBC}") = "Sitecore.Support.96392", "Sitecore.Support.96392\Sitecore.Support.96392.csproj", "{80A8D0AC-24D1-450F-9345-BA78A98CECAC}"
EndProject
Global
	GlobalSection(SolutionConfigurationPlatforms) = preSolution
		Debug|Any CPU = Debug|Any CPU
		Release|Any CPU = Release|Any CPU
	EndGlobalSection
	GlobalSection(ProjectConfigurationPlatforms) = postSolution
		{80A8D0AC-24D1-450F-9345-BA78A98CECAC}.Debug|Any CPU.ActiveCfg = Debug|Any CPU
		{80A8D0AC-24D1-450F-9345-BA78A98CECAC}.Debug|Any CPU.Build.0 = Debug|Any CPU
		{80A8D0AC-24D1-450F-9345-BA78A98CECAC}.Release|Any CPU.ActiveCfg = Release|Any CPU
		{80A8D0AC-24D1-450F-9345-BA78A98CECAC}.Release|Any CPU.Build.0 = Release|Any CPU
	EndGlobalSection
	GlobalSection(SolutionProperties) = preSolution
		HideSolutionNode = FALSE
	EndGlobalSection
EndGlobal
